
Microsoft Visual Studio Solution File, Format Version 12.00
# Visual Studio Version 17
VisualStudioVersion = 17.2.32630.192
MinimumVisualStudioVersion = 10.0.40219.1
Project("{FAE04EC0-301F-11D3-BF4B-00C04F79EFBC}") = "GettingStartedAPI", "GettingStartedAPI\GettingStartedAPI.csproj", "{127A652B-C0C9-41BA-B599-92FC77204D56}"
EndProject
Global
	GlobalSection(SolutionConfigurationPlatforms) = preSolution
		Debug|Any CPU = Debug|Any CPU
		Release|Any CPU = Release|Any CPU
	EndGlobalSection
	GlobalSection(ProjectConfigurationPlatforms) = postSolution
		{127A652B-C0C9-41BA-B599-92FC77204D56}.Debug|Any CPU.ActiveCfg = Debug|Any CPU
		{127A652B-C0C9-41BA-B599-92FC77204D56}.Debug|Any CPU.Build.0 = Debug|Any CPU
		{127A652B-C0C9-41BA-B599-92FC77204D56}.Release|Any CPU.ActiveCfg = Release|Any CPU
		{127A652B-C0C9-41BA-B599-92FC77204D56}.Release|Any CPU.Build.0 = Release|Any CPU
	EndGlobalSection
	GlobalSection(SolutionProperties) = preSolution
		HideSolutionNode = FALSE
	EndGlobalSection
	GlobalSection(ExtensibilityGlobals) = postSolution
		SolutionGuid = {30B592ED-1671-4F47-ACA6-25A5FF47521D}
	EndGlobalSection
EndGlobal
