
Microsoft Visual Studio Solution File, Format Version 12.00
# Visual Studio Version 17
VisualStudioVersion = 17.2.32630.192
MinimumVisualStudioVersion = 10.0.40219.1
Project("{FAE04EC0-301F-11D3-BF4B-00C04F79EFBC}") = "ApiProtection", "ApiProtection\ApiProtection.csproj", "{654F545A-68FB-44DB-9B97-E14DEFA38E0A}"
EndProject
Global
	GlobalSection(SolutionConfigurationPlatforms) = preSolution
		Debug|Any CPU = Debug|Any CPU
		Release|Any CPU = Release|Any CPU
	EndGlobalSection
	GlobalSection(ProjectConfigurationPlatforms) = postSolution
		{654F545A-68FB-44DB-9B97-E14DEFA38E0A}.Debug|Any CPU.ActiveCfg = Debug|Any CPU
		{654F545A-68FB-44DB-9B97-E14DEFA38E0A}.Debug|Any CPU.Build.0 = Debug|Any CPU
		{654F545A-68FB-44DB-9B97-E14DEFA38E0A}.Release|Any CPU.ActiveCfg = Release|Any CPU
		{654F545A-68FB-44DB-9B97-E14DEFA38E0A}.Release|Any CPU.Build.0 = Release|Any CPU
	EndGlobalSection
	GlobalSection(SolutionProperties) = preSolution
		HideSolutionNode = FALSE
	EndGlobalSection
	GlobalSection(ExtensibilityGlobals) = postSolution
		SolutionGuid = {E60C93E2-CF9E-4E5E-A715-DC880F2FBB72}
	EndGlobalSection
EndGlobal
