
Microsoft Visual Studio Solution File, Format Version 12.00
# Visual Studio Version 17
VisualStudioVersion = 17.2.32630.192
MinimumVisualStudioVersion = 10.0.40219.1
Project("{FAE04EC0-301F-11D3-BF4B-00C04F79EFBC}") = "VersionedApi", "VersionedApi\VersionedApi.csproj", "{C0765AD5-4509-4512-9EDC-3950FD077955}"
EndProject
Global
	GlobalSection(SolutionConfigurationPlatforms) = preSolution
		Debug|Any CPU = Debug|Any CPU
		Release|Any CPU = Release|Any CPU
	EndGlobalSection
	GlobalSection(ProjectConfigurationPlatforms) = postSolution
		{C0765AD5-4509-4512-9EDC-3950FD077955}.Debug|Any CPU.ActiveCfg = Debug|Any CPU
		{C0765AD5-4509-4512-9EDC-3950FD077955}.Debug|Any CPU.Build.0 = Debug|Any CPU
		{C0765AD5-4509-4512-9EDC-3950FD077955}.Release|Any CPU.ActiveCfg = Release|Any CPU
		{C0765AD5-4509-4512-9EDC-3950FD077955}.Release|Any CPU.Build.0 = Release|Any CPU
	EndGlobalSection
	GlobalSection(SolutionProperties) = preSolution
		HideSolutionNode = FALSE
	EndGlobalSection
	GlobalSection(ExtensibilityGlobals) = postSolution
		SolutionGuid = {1EEF0CD9-D66F-4AC0-BE6B-56F98C62B8A4}
	EndGlobalSection
EndGlobal
