
Microsoft Visual Studio Solution File, Format Version 12.00
# Visual Studio Version 17
VisualStudioVersion = 17.2.32630.192
MinimumVisualStudioVersion = 10.0.40219.1
Project("{FAE04EC0-301F-11D3-BF4B-00C04F79EFBC}") = "DemoWeb", "DemoWeb\DemoWeb.csproj", "{A7592D33-2A5A-4948-A3FD-9A3D9D003D94}"
EndProject
Global
	GlobalSection(SolutionConfigurationPlatforms) = preSolution
		Debug|Any CPU = Debug|Any CPU
		Release|Any CPU = Release|Any CPU
	EndGlobalSection
	GlobalSection(ProjectConfigurationPlatforms) = postSolution
		{A7592D33-2A5A-4948-A3FD-9A3D9D003D94}.Debug|Any CPU.ActiveCfg = Debug|Any CPU
		{A7592D33-2A5A-4948-A3FD-9A3D9D003D94}.Debug|Any CPU.Build.0 = Debug|Any CPU
		{A7592D33-2A5A-4948-A3FD-9A3D9D003D94}.Release|Any CPU.ActiveCfg = Release|Any CPU
		{A7592D33-2A5A-4948-A3FD-9A3D9D003D94}.Release|Any CPU.Build.0 = Release|Any CPU
	EndGlobalSection
	GlobalSection(SolutionProperties) = preSolution
		HideSolutionNode = FALSE
	EndGlobalSection
	GlobalSection(ExtensibilityGlobals) = postSolution
		SolutionGuid = {E7BDD5A1-338E-4E29-88E9-8812306462EB}
	EndGlobalSection
EndGlobal
